
Microsoft Visual Studio Solution File, Format Version 12.00
# Visual Studio Version 16
VisualStudioVersion = 16.0.30804.86
MinimumVisualStudioVersion = 10.0.40219.1
Project("{FAE04EC0-301F-11D3-BF4B-00C04F79EFBC}") = "System.Text.Json.Polymorph", "System.Text.Json.Polymorph\System.Text.Json.Polymorph.csproj", "{568A61CA-19AA-4C38-999B-BBC644184696}"
EndProject
Global
	GlobalSection(SolutionConfigurationPlatforms) = preSolution
		Debug|Any CPU = Debug|Any CPU
		Release|Any CPU = Release|Any CPU
	EndGlobalSection
	GlobalSection(ProjectConfigurationPlatforms) = postSolution
		{568A61CA-19AA-4C38-999B-BBC644184696}.Debug|Any CPU.ActiveCfg = Debug|Any CPU
		{568A61CA-19AA-4C38-999B-BBC644184696}.Debug|Any CPU.Build.0 = Debug|Any CPU
		{568A61CA-19AA-4C38-999B-BBC644184696}.Release|Any CPU.ActiveCfg = Release|Any CPU
		{568A61CA-19AA-4C38-999B-BBC644184696}.Release|Any CPU.Build.0 = Release|Any CPU
	EndGlobalSection
	GlobalSection(SolutionProperties) = preSolution
		HideSolutionNode = FALSE
	EndGlobalSection
	GlobalSection(ExtensibilityGlobals) = postSolution
		SolutionGuid = {263A492A-E404-495D-8936-53C57929130A}
	EndGlobalSection
EndGlobal
